
Microsoft Visual Studio Solution File, Format Version 12.00
# Visual Studio Version 17
VisualStudioVersion = 17.0.32014.148
MinimumVisualStudioVersion = 10.0.40219.1
Project("{9A19103F-16F7-4668-BE54-9A1E7A4F7556}") = "TimetableApi", "TimetableApi\TimetableApi.csproj", "{F50FC349-C8DD-41D9-B923-7956C6936DD7}"
EndProject
Project("{9A19103F-16F7-4668-BE54-9A1E7A4F7556}") = "TimetableApi.EF", "TimetableApi.EF\TimetableApi.EF.csproj", "{C1A74150-01CB-430D-BD3A-015E3C83EDAA}"
EndProject
Project("{9A19103F-16F7-4668-BE54-9A1E7A4F7556}") = "TimetableApi.EF.Models", "TimetableApi.EF.Models\TimetableApi.EF.Models.csproj", "{44367F66-6D77-4029-8DDF-0864F05BC3F9}"
EndProject
Project("{9A19103F-16F7-4668-BE54-9A1E7A4F7556}") = "TimetableApi.DAL", "TimetableApi.DAL\TimetableApi.DAL.csproj", "{6B76DD48-9FF5-4886-843D-E64BCF5D1383}"
EndProject
Project("{9A19103F-16F7-4668-BE54-9A1E7A4F7556}") = "TimetableApi.Services", "TimetableApi.Services\TimetableApi.Services.csproj", "{26F2B57E-652A-4C3E-8296-A439F0CF39FA}"
EndProject
Project("{FAE04EC0-301F-11D3-BF4B-00C04F79EFBC}") = "TimetableApi.Converters", "TimetableApi.Converters\TimetableApi.Converters.csproj", "{8B60ADFC-8C6A-4470-BFF8-839CD7BAB8B6}"
EndProject
Global
	GlobalSection(SolutionConfigurationPlatforms) = preSolution
		Debug|Any CPU = Debug|Any CPU
		Release|Any CPU = Release|Any CPU
	EndGlobalSection
	GlobalSection(ProjectConfigurationPlatforms) = postSolution
		{F50FC349-C8DD-41D9-B923-7956C6936DD7}.Debug|Any CPU.ActiveCfg = Debug|Any CPU
		{F50FC349-C8DD-41D9-B923-7956C6936DD7}.Debug|Any CPU.Build.0 = Debug|Any CPU
		{F50FC349-C8DD-41D9-B923-7956C6936DD7}.Release|Any CPU.ActiveCfg = Release|Any CPU
		{F50FC349-C8DD-41D9-B923-7956C6936DD7}.Release|Any CPU.Build.0 = Release|Any CPU
		{C1A74150-01CB-430D-BD3A-015E3C83EDAA}.Debug|Any CPU.ActiveCfg = Debug|Any CPU
		{C1A74150-01CB-430D-BD3A-015E3C83EDAA}.Debug|Any CPU.Build.0 = Debug|Any CPU
		{C1A74150-01CB-430D-BD3A-015E3C83EDAA}.Release|Any CPU.ActiveCfg = Release|Any CPU
		{C1A74150-01CB-430D-BD3A-015E3C83EDAA}.Release|Any CPU.Build.0 = Release|Any CPU
		{44367F66-6D77-4029-8DDF-0864F05BC3F9}.Debug|Any CPU.ActiveCfg = Debug|Any CPU
		{44367F66-6D77-4029-8DDF-0864F05BC3F9}.Debug|Any CPU.Build.0 = Debug|Any CPU
		{44367F66-6D77-4029-8DDF-0864F05BC3F9}.Release|Any CPU.ActiveCfg = Release|Any CPU
		{44367F66-6D77-4029-8DDF-0864F05BC3F9}.Release|Any CPU.Build.0 = Release|Any CPU
		{6B76DD48-9FF5-4886-843D-E64BCF5D1383}.Debug|Any CPU.ActiveCfg = Debug|Any CPU
		{6B76DD48-9FF5-4886-843D-E64BCF5D1383}.Debug|Any CPU.Build.0 = Debug|Any CPU
		{6B76DD48-9FF5-4886-843D-E64BCF5D1383}.Release|Any CPU.ActiveCfg = Release|Any CPU
		{6B76DD48-9FF5-4886-843D-E64BCF5D1383}.Release|Any CPU.Build.0 = Release|Any CPU
		{26F2B57E-652A-4C3E-8296-A439F0CF39FA}.Debug|Any CPU.ActiveCfg = Debug|Any CPU
		{26F2B57E-652A-4C3E-8296-A439F0CF39FA}.Debug|Any CPU.Build.0 = Debug|Any CPU
		{26F2B57E-652A-4C3E-8296-A439F0CF39FA}.Release|Any CPU.ActiveCfg = Release|Any CPU
		{26F2B57E-652A-4C3E-8296-A439F0CF39FA}.Release|Any CPU.Build.0 = Release|Any CPU
		{8B60ADFC-8C6A-4470-BFF8-839CD7BAB8B6}.Debug|Any CPU.ActiveCfg = Debug|Any CPU
		{8B60ADFC-8C6A-4470-BFF8-839CD7BAB8B6}.Debug|Any CPU.Build.0 = Debug|Any CPU
		{8B60ADFC-8C6A-4470-BFF8-839CD7BAB8B6}.Release|Any CPU.ActiveCfg = Release|Any CPU
		{8B60ADFC-8C6A-4470-BFF8-839CD7BAB8B6}.Release|Any CPU.Build.0 = Release|Any CPU
	EndGlobalSection
	GlobalSection(SolutionProperties) = preSolution
		HideSolutionNode = FALSE
	EndGlobalSection
	GlobalSection(ExtensibilityGlobals) = postSolution
		SolutionGuid = {5CDA1635-3AD7-4A5A-AE73-AFFDC80CA62C}
	EndGlobalSection
EndGlobal
